# This file is autogenerated, do not edit; changes may be undone by the next 'dep ensure'.


[[projects]]
  digest = "1:9f3b30d9f8e0d7040f729b82dcbc8f0dead820a133b3147ce355fc451f32d761"
  name = "github.com/BurntSushi/toml"
  packages = ["."]
  pruneopts = "UT"
  revision = "3012a1dbe2e4bd1391d42b32f0577cb7bbc7f005"
  version = "v0.3.1"

[[projects]]
  branch = "master"
  digest = "1:ef5b0622d834c139454148b8fd0c92bb314828900532b267ae62da9fec109866"
  name = "github.com/armon/go-metrics"
  packages = ["."]
  pruneopts = "UT"
  revision = "f0300d1749da6fa982027e449ec0c7a145510c3c"

[[projects]]
  branch = "master"
  digest = "1:a338d18aa13917ab3e4944177ed018b56b154c0b6778417828b770cfc7f83de8"
  name = "github.com/atagirov/goonvif"
  packages = [
    ".",
    "Device",
    "Media",
    "gosoap",
    "networking",
    "xsd",
    "xsd/onvif",
  ]
  pruneopts = "UT"
  revision = "f07028ab716feafc9ba2ba0cfe1a7b6f9a88825e"

[[projects]]
  digest = "1:f25dfe4538112147d22e4c8437efbc2e216112bec37277534ffe146935064ea8"
  name = "github.com/beevik/etree"
  packages = ["."]
  pruneopts = "UT"
  revision = "9d7e8feddccb4ed1b8afb54e368bd323d2ff652c"
  version = "v1.0.1"

[[projects]]
  branch = "delhi"
  digest = "1:c8e820e8dc84d1b782e2b876aa00a4438ea5473e2ffe8b86358133ecc436ec34"
  name = "github.com/edgexfoundry/device-sdk-go"
  packages = [
    ".",
    "internal/cache",
    "internal/clients",
    "internal/common",
    "internal/config",
    "internal/controller",
    "internal/handler",
    "internal/provision",
    "internal/registry",
    "internal/scheduler",
    "internal/transformer",
    "pkg/models",
  ]
  pruneopts = "UT"
  revision = "58ceab4ca78d83c4ad32384cd9246de601e88c4e"

[[projects]]
  branch = "delhi"
  digest = "1:0b0977f269ece86ead0e55a0c434418a6970464037208fefeffd83d07ba92e61"
  name = "github.com/edgexfoundry/edgex-go"
  packages = [
    "pkg/clients",
    "pkg/clients/coredata",
    "pkg/clients/logging",
    "pkg/clients/metadata",
    "pkg/clients/types",
    "pkg/models",
  ]
  pruneopts = "UT"
  revision = "338a0779bc765f89c9e7b8d1e209fd6637c38850"

[[projects]]
  branch = "master"
  digest = "1:f29643ce5c7e31ed77084388198d9b82d715a4c0edd898b6393d6a1ce0b23f6d"
  name = "github.com/elgs/gostrgen"
  packages = ["."]
  pruneopts = "UT"
  revision = "9d61ae07eeaeb54ce2100022b1fd3ea020093d09"

[[projects]]
  digest = "1:c79fb010be38a59d657c48c6ba1d003a8aa651fa56b579d959d74573b7dff8e1"
  name = "github.com/gorilla/context"
  packages = ["."]
  pruneopts = "UT"
  revision = "08b5f424b9271eedf6f9f0ce86cb9396ed337a42"
  version = "v1.1.1"

[[projects]]
  digest = "1:e73f5b0152105f18bc131fba127d9949305c8693f8a762588a82a48f61756f5f"
  name = "github.com/gorilla/mux"
  packages = ["."]
  pruneopts = "UT"
  revision = "e3702bed27f0d39777b0b37b664b6280e8ef8fbf"
  version = "v1.6.2"

[[projects]]
  digest = "1:b00bfe637b34af524cb42f3c167863799cedc7bd3e2e03979eb7329c2ceee097"
  name = "github.com/hashicorp/consul"
  packages = ["api"]
  pruneopts = "UT"
  revision = "65d2c9b51d02e6b14db3da3cb8424ef72e046780"
  version = "v1.4.1"

[[projects]]
  digest = "1:f47d6109c2034cb16bd62b220e18afd5aa9d5a1630fe5d937ad96a4fb7cbb277"
  name = "github.com/hashicorp/go-cleanhttp"
  packages = ["."]
  pruneopts = "UT"
  revision = "e8ab9daed8d1ddd2d3c4efba338fe2eeae2e4f18"
  version = "v0.5.0"

[[projects]]
  digest = "1:2be5a35f0c5b35162c41bb24971e5dcf6ce825403296ee435429cdcc4e1e847e"
  name = "github.com/hashicorp/go-immutable-radix"
  packages = ["."]
  pruneopts = "UT"
  revision = "27df80928bb34bb1b0d6d0e01b9e679902e7a6b5"
  version = "v1.0.0"

[[projects]]
  digest = "1:a54ada9beb59fdc35b69322979e870ff0b780e03f4dc309c4c8674b94927df75"
  name = "github.com/hashicorp/go-rootcerts"
  packages = ["."]
  pruneopts = "UT"
  revision = "63503fb4e1eca22f9ae0f90b49c5d5538a0e87eb"
  version = "v1.0.0"

[[projects]]
  digest = "1:67474f760e9ac3799f740db2c489e6423a4cde45520673ec123ac831ad849cb8"
  name = "github.com/hashicorp/golang-lru"
  packages = ["simplelru"]
  pruneopts = "UT"
  revision = "20f1fb78b0740ba8c3cb143a61e86ba5c8669768"
  version = "v0.5.0"

[[projects]]
  digest = "1:acc81e4e4289587b257ccdfccbc6eaf16d4c2fb57dda73c6bb349bf50f02501f"
  name = "github.com/hashicorp/serf"
  packages = ["coordinate"]
  pruneopts = "UT"
  revision = "b89a09ebd4b1b570e0076d5097272e67c10ac4f6"
  version = "v0.8.2"

[[projects]]
  branch = "master"
  digest = "1:d06a6c979a16ebfb8969f6f188bb6b014d96ed56b8adbf3bf63a07ff5e0e7075"
  name = "github.com/lair-framework/go-nmap"
  packages = ["."]
  pruneopts = "UT"
  revision = "3b9bafddefee56a2884c49e2da6894bb1fe6d40c"

[[projects]]
  digest = "1:78bbb1ba5b7c3f2ed0ea1eab57bdd3859aec7e177811563edc41198a760b06af"
  name = "github.com/mitchellh/go-homedir"
  packages = ["."]
  pruneopts = "UT"
  revision = "ae18d6b8b3205b561c79e8e5f69bff09736185f4"
  version = "v1.0.0"

[[projects]]
  digest = "1:53bc4cd4914cd7cd52139990d5170d6dc99067ae31c56530621b18b35fc30318"
  name = "github.com/mitchellh/mapstructure"
  packages = ["."]
  pruneopts = "UT"
  revision = "3536a929edddb9a5b34bd6861dc4a9647cb459fe"
  version = "v1.1.2"

[[projects]]
  digest = "1:cf31692c14422fa27c83a05292eb5cbe0fb2775972e8f1f8446a71549bd8980b"
  name = "github.com/pkg/errors"
  packages = ["."]
  pruneopts = "UT"
  revision = "ba968bfe8b2f7e042a574c888954fccecfa385b4"
  version = "v0.8.1"

[[projects]]
  digest = "1:ed615c5430ecabbb0fb7629a182da65ecee6523900ac1ac932520860878ffcad"
  name = "github.com/robfig/cron"
  packages = ["."]
  pruneopts = "UT"
  revision = "b41be1df696709bb6395fe435af20370037c0b4c"
  version = "v1.1"

[[projects]]
  branch = "master"
  digest = "1:a3b8912deeef29007fab9a13a9f21b9e9b59c621a2ed61e2fe7b37320a71fbd5"
  name = "github.com/satori/go.uuid"
  packages = ["."]
  pruneopts = "UT"
  revision = "b2ce2384e17bbe0c6d34077efa39dbab3e09123b"

[[projects]]
  branch = "master"
  digest = "1:f4d03524cd4690771c9a8922ae08985cbf1e494214185b893ebf90ab97e78c50"
  name = "github.com/yakovlevdmv/Golang-iso8601-duration"
  packages = ["."]
  pruneopts = "UT"
  revision = "e5db0413b903dcc986d5cd01f1cb6e63498aade3"

[[projects]]
  branch = "master"
  digest = "1:b0496ac3ed81088e54fbd5f41737f2bad08559cdaf25369c78becb21706461c8"
  name = "github.com/yakovlevdmv/WS-Discovery"
  packages = ["."]
  pruneopts = "UT"
  revision = "16170c6c3677e65577e39a19fd9a763ea1add00c"

[[projects]]
  branch = "master"
  digest = "1:b6988ca4f2612ca5bda1b18e56ac08cd7da10c9036e296b33d787cd2e6a8e4f4"
  name = "github.com/yakovlevdmv/gosoap"
  packages = ["."]
  pruneopts = "UT"
  revision = "299a954b1c6d46ca666126b690a1580807bfa14b"

[[projects]]
  branch = "master"
  digest = "1:81805c86477e31f08c391598e54e0dae2a71cbbb138ed27ee554177541721100"
  name = "golang.org/x/net"
  packages = [
    "bpf",
    "internal/iana",
    "internal/socket",
    "ipv4",
  ]
  pruneopts = "UT"
  revision = "4b62a64f59f73840b9ab79204c94fee61cd1ba2c"

[[projects]]
  branch = "v2"
  digest = "1:2642fd0b6900c77247d61d80cf2eb59a374ef4ffc2d25a1b95b87dc355b2894e"
  name = "gopkg.in/mgo.v2"
  packages = [
    "bson",
    "internal/json",
  ]
  pruneopts = "UT"
  revision = "9856a29383ce1c59f308dd1cf0363a79b5bef6b5"

[[projects]]
  digest = "1:4d2e5a73dc1500038e504a8d78b986630e3626dc027bc030ba5c75da257cdb96"
  name = "gopkg.in/yaml.v2"
  packages = ["."]
  pruneopts = "UT"
  revision = "51d6538a90f86fe93ac480b35f37b2be17fef232"
  version = "v2.2.2"

[solve-meta]
  analyzer-name = "dep"
  analyzer-version = 1
  input-imports = [
    "github.com/atagirov/goonvif",
    "github.com/atagirov/goonvif/Device",
    "github.com/atagirov/goonvif/Media",
    "github.com/atagirov/goonvif/xsd/onvif",
    "github.com/beevik/etree",
    "github.com/edgexfoundry/device-sdk-go",
    "github.com/edgexfoundry/device-sdk-go/pkg/models",
    "github.com/edgexfoundry/edgex-go/pkg/clients/logging",
    "github.com/edgexfoundry/edgex-go/pkg/models",
    "github.com/lair-framework/go-nmap",
    "github.com/pkg/errors",
  ]
  solver-name = "gps-cdcl"
  solver-version = 1
