# This file is autogenerated, do not edit; changes may be undone by the next 'dep ensure'.


[[projects]]
  digest = "1:9f3b30d9f8e0d7040f729b82dcbc8f0dead820a133b3147ce355fc451f32d761"
  name = "github.com/BurntSushi/toml"
  packages = ["."]
  pruneopts = "UT"
  revision = "3012a1dbe2e4bd1391d42b32f0577cb7bbc7f005"
  version = "v0.3.1"

[[projects]]
  branch = "master"
  digest = "1:2210176f5644b328fb429f7d59b2944e598b22fda4b5071e09d6dcad001cdc37"
  name = "github.com/armon/go-metrics"
  packages = ["."]
  pruneopts = "UT"
  revision = "2801d9688273d5b516966851b9a0863b9e6b0652"

[[projects]]
  branch = "master"
  digest = "1:0a9adaebfcb0be970a5fca6f3c89431ed5e6f1978e64c41f480121e6f0aeb2f2"
  name = "github.com/atagirov/goonvif"
  packages = [
    ".",
    "Device",
    "Media",
    "gosoap",
    "networking",
    "xsd",
    "xsd/onvif",
  ]
  pruneopts = "UT"
  revision = "e81fab7433da30d7382a26b30a6f8b38a3d8befa"

[[projects]]
  digest = "1:bd8bc15ce3a9929e2777651cbc271fca5561c0d5f42187edb4720e638d24662d"
  name = "github.com/beevik/etree"
  packages = ["."]
  pruneopts = "UT"
  revision = "8aee6516be3b1163bb6450c35c50e4969e3a3aa8"
  version = "v1.1.0"

[[projects]]
  branch = "delhi"
  digest = "1:c8e820e8dc84d1b782e2b876aa00a4438ea5473e2ffe8b86358133ecc436ec34"
  name = "github.com/edgexfoundry/device-sdk-go"
  packages = [
    ".",
    "internal/cache",
    "internal/clients",
    "internal/common",
    "internal/config",
    "internal/controller",
    "internal/handler",
    "internal/provision",
    "internal/registry",
    "internal/scheduler",
    "internal/transformer",
    "pkg/models",
  ]
  pruneopts = "UT"
  revision = "58ceab4ca78d83c4ad32384cd9246de601e88c4e"

[[projects]]
  branch = "delhi"
  digest = "1:0b0977f269ece86ead0e55a0c434418a6970464037208fefeffd83d07ba92e61"
  name = "github.com/edgexfoundry/edgex-go"
  packages = [
    "pkg/clients",
    "pkg/clients/coredata",
    "pkg/clients/logging",
    "pkg/clients/metadata",
    "pkg/clients/types",
    "pkg/models",
  ]
  pruneopts = "UT"
  revision = "996c06895153f62347005a0c8a04887357af9b80"

[[projects]]
  branch = "master"
  digest = "1:f29643ce5c7e31ed77084388198d9b82d715a4c0edd898b6393d6a1ce0b23f6d"
  name = "github.com/elgs/gostrgen"
  packages = ["."]
  pruneopts = "UT"
  revision = "9d61ae07eeaeb54ce2100022b1fd3ea020093d09"

[[projects]]
  digest = "1:d5f97fc268267ec1b61c3453058c738246fc3e746f14b1ae25161513b7367b0c"
  name = "github.com/gorilla/mux"
  packages = ["."]
  pruneopts = "UT"
  revision = "c5c6c98bc25355028a63748a498942a6398ccd22"
  version = "v1.7.1"

[[projects]]
  digest = "1:9537873f2fc92467f451178506405fae087efc624d8d92644042209a03a2bfa0"
  name = "github.com/hashicorp/consul"
  packages = ["api"]
  pruneopts = "UT"
  revision = "ea5210a30e154f4da9a4c8e729b45b8ce7b9b92c"
  version = "v1.4.4"

[[projects]]
  digest = "1:af105c7c5dc0b4ae41991f122cae860b9600f7d226072c2a83127048c991660c"
  name = "github.com/hashicorp/go-cleanhttp"
  packages = ["."]
  pruneopts = "UT"
  revision = "eda1e5db218aad1db63ca4642c8906b26bcf2744"
  version = "v0.5.1"

[[projects]]
  digest = "1:2be5a35f0c5b35162c41bb24971e5dcf6ce825403296ee435429cdcc4e1e847e"
  name = "github.com/hashicorp/go-immutable-radix"
  packages = ["."]
  pruneopts = "UT"
  revision = "27df80928bb34bb1b0d6d0e01b9e679902e7a6b5"
  version = "v1.0.0"

[[projects]]
  digest = "1:a54ada9beb59fdc35b69322979e870ff0b780e03f4dc309c4c8674b94927df75"
  name = "github.com/hashicorp/go-rootcerts"
  packages = ["."]
  pruneopts = "UT"
  revision = "63503fb4e1eca22f9ae0f90b49c5d5538a0e87eb"
  version = "v1.0.0"

[[projects]]
  digest = "1:67474f760e9ac3799f740db2c489e6423a4cde45520673ec123ac831ad849cb8"
  name = "github.com/hashicorp/golang-lru"
  packages = ["simplelru"]
  pruneopts = "UT"
  revision = "7087cb70de9f7a8bc0a10c375cb0d2280a8edf9c"
  version = "v0.5.1"

[[projects]]
  digest = "1:acc81e4e4289587b257ccdfccbc6eaf16d4c2fb57dda73c6bb349bf50f02501f"
  name = "github.com/hashicorp/serf"
  packages = ["coordinate"]
  pruneopts = "UT"
  revision = "15cfd05de3dffb3664aa37b06e91f970b825e380"
  version = "v0.8.3"

[[projects]]
  branch = "master"
  digest = "1:d06a6c979a16ebfb8969f6f188bb6b014d96ed56b8adbf3bf63a07ff5e0e7075"
  name = "github.com/lair-framework/go-nmap"
  packages = ["."]
  pruneopts = "UT"
  revision = "3b9bafddefee56a2884c49e2da6894bb1fe6d40c"

[[projects]]
  digest = "1:5d231480e1c64a726869bc4142d270184c419749d34f167646baa21008eb0a79"
  name = "github.com/mitchellh/go-homedir"
  packages = ["."]
  pruneopts = "UT"
  revision = "af06845cf3004701891bf4fdb884bfe4920b3727"
  version = "v1.1.0"

[[projects]]
  digest = "1:53bc4cd4914cd7cd52139990d5170d6dc99067ae31c56530621b18b35fc30318"
  name = "github.com/mitchellh/mapstructure"
  packages = ["."]
  pruneopts = "UT"
  revision = "3536a929edddb9a5b34bd6861dc4a9647cb459fe"
  version = "v1.1.2"

[[projects]]
  digest = "1:cf31692c14422fa27c83a05292eb5cbe0fb2775972e8f1f8446a71549bd8980b"
  name = "github.com/pkg/errors"
  packages = ["."]
  pruneopts = "UT"
  revision = "ba968bfe8b2f7e042a574c888954fccecfa385b4"
  version = "v0.8.1"

[[projects]]
  digest = "1:ed615c5430ecabbb0fb7629a182da65ecee6523900ac1ac932520860878ffcad"
  name = "github.com/robfig/cron"
  packages = ["."]
  pruneopts = "UT"
  revision = "b41be1df696709bb6395fe435af20370037c0b4c"
  version = "v1.1"

[[projects]]
  branch = "master"
  digest = "1:a3b8912deeef29007fab9a13a9f21b9e9b59c621a2ed61e2fe7b37320a71fbd5"
  name = "github.com/satori/go.uuid"
  packages = ["."]
  pruneopts = "UT"
  revision = "b2ce2384e17bbe0c6d34077efa39dbab3e09123b"

[[projects]]
  branch = "master"
  digest = "1:f4d03524cd4690771c9a8922ae08985cbf1e494214185b893ebf90ab97e78c50"
  name = "github.com/yakovlevdmv/Golang-iso8601-duration"
  packages = ["."]
  pruneopts = "UT"
  revision = "e5db0413b903dcc986d5cd01f1cb6e63498aade3"

[[projects]]
  branch = "master"
  digest = "1:b0496ac3ed81088e54fbd5f41737f2bad08559cdaf25369c78becb21706461c8"
  name = "github.com/yakovlevdmv/WS-Discovery"
  packages = ["."]
  pruneopts = "UT"
  revision = "16170c6c3677e65577e39a19fd9a763ea1add00c"

[[projects]]
  branch = "master"
  digest = "1:b6988ca4f2612ca5bda1b18e56ac08cd7da10c9036e296b33d787cd2e6a8e4f4"
  name = "github.com/yakovlevdmv/gosoap"
  packages = ["."]
  pruneopts = "UT"
  revision = "299a954b1c6d46ca666126b690a1580807bfa14b"

[[projects]]
  branch = "master"
  digest = "1:f39e52652729c03686f98adbb9337689727187b5909b13f8fd338a8546a25abb"
  name = "golang.org/x/net"
  packages = [
    "bpf",
    "internal/iana",
    "internal/socket",
    "ipv4",
  ]
  pruneopts = "UT"
  revision = "4829fb13d2c62012c17688fa7f629f371014946d"

[[projects]]
  branch = "v2"
  digest = "1:2642fd0b6900c77247d61d80cf2eb59a374ef4ffc2d25a1b95b87dc355b2894e"
  name = "gopkg.in/mgo.v2"
  packages = [
    "bson",
    "internal/json",
  ]
  pruneopts = "UT"
  revision = "9856a29383ce1c59f308dd1cf0363a79b5bef6b5"

[[projects]]
  digest = "1:4d2e5a73dc1500038e504a8d78b986630e3626dc027bc030ba5c75da257cdb96"
  name = "gopkg.in/yaml.v2"
  packages = ["."]
  pruneopts = "UT"
  revision = "51d6538a90f86fe93ac480b35f37b2be17fef232"
  version = "v2.2.2"

[solve-meta]
  analyzer-name = "dep"
  analyzer-version = 1
  input-imports = [
    "github.com/atagirov/goonvif",
    "github.com/atagirov/goonvif/Device",
    "github.com/atagirov/goonvif/Media",
    "github.com/atagirov/goonvif/xsd/onvif",
    "github.com/beevik/etree",
    "github.com/edgexfoundry/device-sdk-go",
    "github.com/edgexfoundry/device-sdk-go/pkg/models",
    "github.com/edgexfoundry/edgex-go/pkg/clients/logging",
    "github.com/edgexfoundry/edgex-go/pkg/models",
    "github.com/lair-framework/go-nmap",
    "github.com/pkg/errors",
  ]
  solver-name = "gps-cdcl"
  solver-version = 1
